// !$*UTF8*$!
{
	archiveVersion = 1;
	classes = {
	};
	objectVersion = 50;
	objects = {

/* Begin PBXBuildFile section */
		2E101F99228819750031C1D6 /* Alert.swift in Sources */ = {isa = PBXBuildFile; fileRef = 2E101F98228819750031C1D6 /* Alert.swift */; };
		2E1419A42286CF790078BCD9 /* AppDelegate.swift in Sources */ = {isa = PBXBuildFile; fileRef = 2E1419A32286CF790078BCD9 /* AppDelegate.swift */; };
		2E1419A62286CF790078BCD9 /* NewsListViewController.swift in Sources */ = {isa = PBXBuildFile; fileRef = 2E1419A52286CF790078BCD9 /* NewsListViewController.swift */; };
		2E1419A92286CF790078BCD9 /* Main.storyboard in Resources */ = {isa = PBXBuildFile; fileRef = 2E1419A72286CF790078BCD9 /* Main.storyboard */; };
		2E1419AB2286CF7A0078BCD9 /* Assets.xcassets in Resources */ = {isa = PBXBuildFile; fileRef = 2E1419AA2286CF7A0078BCD9 /* Assets.xcassets */; };
		2E1419AE2286CF7A0078BCD9 /* LaunchScreen.storyboard in Resources */ = {isa = PBXBuildFile; fileRef = 2E1419AC2286CF7A0078BCD9 /* LaunchScreen.storyboard */; };
		2E1419B92286CF7A0078BCD9 /* MyNewsAppTests.swift in Sources */ = {isa = PBXBuildFile; fileRef = 2E1419B82286CF7A0078BCD9 /* MyNewsAppTests.swift */; };
		2E1419C42286CF7A0078BCD9 /* MyNewsAppUITests.swift in Sources */ = {isa = PBXBuildFile; fileRef = 2E1419C32286CF7A0078BCD9 /* MyNewsAppUITests.swift */; };
		2E1419D92286D0D90078BCD9 /* Override.swift in Sources */ = {isa = PBXBuildFile; fileRef = 2E1419D12286D0D80078BCD9 /* Override.swift */; };
		2E1419DA2286D0D90078BCD9 /* Category.swift in Sources */ = {isa = PBXBuildFile; fileRef = 2E1419D22286D0D80078BCD9 /* Category.swift */; };
		2E1419DB2286D0D90078BCD9 /* Source.swift in Sources */ = {isa = PBXBuildFile; fileRef = 2E1419D32286D0D80078BCD9 /* Source.swift */; };
		2E1419DC2286D0D90078BCD9 /* Author.swift in Sources */ = {isa = PBXBuildFile; fileRef = 2E1419D42286D0D90078BCD9 /* Author.swift */; };
		2E1419DD2286D0D90078BCD9 /* RelatedAsset.swift in Sources */ = {isa = PBXBuildFile; fileRef = 2E1419D52286D0D90078BCD9 /* RelatedAsset.swift */; };
		2E1419DE2286D0D90078BCD9 /* RelatedImage.swift in Sources */ = {isa = PBXBuildFile; fileRef = 2E1419D62286D0D90078BCD9 /* RelatedImage.swift */; };
		2E1419DF2286D0D90078BCD9 /* NewsData.swift in Sources */ = {isa = PBXBuildFile; fileRef = 2E1419D72286D0D90078BCD9 /* NewsData.swift */; };
		2E1419E02286D0D90078BCD9 /* Asset.swift in Sources */ = {isa = PBXBuildFile; fileRef = 2E1419D82286D0D90078BCD9 /* Asset.swift */; };
		2E1419E22286D8570078BCD9 /* Networking.swift in Sources */ = {isa = PBXBuildFile; fileRef = 2E1419E12286D8570078BCD9 /* Networking.swift */; };
		2E1419EA2286F47C0078BCD9 /* UIElementValue.swift in Sources */ = {isa = PBXBuildFile; fileRef = 2E1419E92286F47C0078BCD9 /* UIElementValue.swift */; };
		2E1419ED2286F55E0078BCD9 /* NewsListCell.swift in Sources */ = {isa = PBXBuildFile; fileRef = 2E1419EB2286F55E0078BCD9 /* NewsListCell.swift */; };
		2E1419EE2286F55E0078BCD9 /* NewsListCell.xib in Resources */ = {isa = PBXBuildFile; fileRef = 2E1419EC2286F55E0078BCD9 /* NewsListCell.xib */; };
		2E1419F12286F65D0078BCD9 /* Theme.swift in Sources */ = {isa = PBXBuildFile; fileRef = 2E1419F02286F65D0078BCD9 /* Theme.swift */; };
		2E1419F32286F7B80078BCD9 /* MyNewsAppTheme.swift in Sources */ = {isa = PBXBuildFile; fileRef = 2E1419F22286F7B80078BCD9 /* MyNewsAppTheme.swift */; };
		2E2507A22287298A00854E74 /* NewsDetailViewController.swift in Sources */ = {isa = PBXBuildFile; fileRef = 2E2507A12287298A00854E74 /* NewsDetailViewController.swift */; };
		2E2507A522879D6200854E74 /* Extensions.swift in Sources */ = {isa = PBXBuildFile; fileRef = 2E2507A422879D6200854E74 /* Extensions.swift */; };
		399AEF34228ACE1A002C88FB /* Constants.swift in Sources */ = {isa = PBXBuildFile; fileRef = 399AEF33228ACE1A002C88FB /* Constants.swift */; };
		399AEF38228AD363002C88FB /* Localizable.strings in Resources */ = {isa = PBXBuildFile; fileRef = 399AEF37228AD363002C88FB /* Localizable.strings */; };
		399AEF3C228AE51B002C88FB /* NewsListViewControllerModel.swift in Sources */ = {isa = PBXBuildFile; fileRef = 399AEF3B228AE51B002C88FB /* NewsListViewControllerModel.swift */; };
		399AEF3F228C1DF1002C88FB /* MyNews.json in Resources */ = {isa = PBXBuildFile; fileRef = 399AEF3E228C1DF1002C88FB /* MyNews.json */; };
		399AEF45228C27EA002C88FB /* EndPoints.swift in Sources */ = {isa = PBXBuildFile; fileRef = 399AEF44228C27EA002C88FB /* EndPoints.swift */; };
		399AEF46228C2A91002C88FB /* MyNews.json in Resources */ = {isa = PBXBuildFile; fileRef = 399AEF3E228C1DF1002C88FB /* MyNews.json */; };
		399AEF4A228D6DC5002C88FB /* NewsListCellDataSource.swift in Sources */ = {isa = PBXBuildFile; fileRef = 399AEF49228D6DC5002C88FB /* NewsListCellDataSource.swift */; };
/* End PBXBuildFile section */

/* Begin PBXContainerItemProxy section */
		2E1419B52286CF7A0078BCD9 /* PBXContainerItemProxy */ = {
			isa = PBXContainerItemProxy;
			containerPortal = 2E1419982286CF790078BCD9 /* Project object */;
			proxyType = 1;
			remoteGlobalIDString = 2E14199F2286CF790078BCD9;
			remoteInfo = MyNewsApp;
		};
		2E1419C02286CF7A0078BCD9 /* PBXContainerItemProxy */ = {
			isa = PBXContainerItemProxy;
			containerPortal = 2E1419982286CF790078BCD9 /* Project object */;
			proxyType = 1;
			remoteGlobalIDString = 2E14199F2286CF790078BCD9;
			remoteInfo = MyNewsApp;
		};
/* End PBXContainerItemProxy section */

/* Begin PBXFileReference section */
		2E101F98228819750031C1D6 /* Alert.swift */ = {isa = PBXFileReference; lastKnownFileType = sourcecode.swift; path = Alert.swift; sourceTree = "<group>"; };
		2E1419A02286CF790078BCD9 /* MyNewsApp.app */ = {isa = PBXFileReference; explicitFileType = wrapper.application; includeInIndex = 0; path = MyNewsApp.app; sourceTree = BUILT_PRODUCTS_DIR; };
		2E1419A32286CF790078BCD9 /* AppDelegate.swift */ = {isa = PBXFileReference; lastKnownFileType = sourcecode.swift; path = AppDelegate.swift; sourceTree = "<group>"; };
		2E1419A52286CF790078BCD9 /* NewsListViewController.swift */ = {isa = PBXFileReference; lastKnownFileType = sourcecode.swift; path = NewsListViewController.swift; sourceTree = "<group>"; };
		2E1419AA2286CF7A0078BCD9 /* Assets.xcassets */ = {isa = PBXFileReference; lastKnownFileType = folder.assetcatalog; path = Assets.xcassets; sourceTree = "<group>"; };
		2E1419AF2286CF7A0078BCD9 /* Info.plist */ = {isa = PBXFileReference; lastKnownFileType = text.plist.xml; path = Info.plist; sourceTree = "<group>"; };
		2E1419B42286CF7A0078BCD9 /* MyNewsAppTests.xctest */ = {isa = PBXFileReference; explicitFileType = wrapper.cfbundle; includeInIndex = 0; path = MyNewsAppTests.xctest; sourceTree = BUILT_PRODUCTS_DIR; };
		2E1419B82286CF7A0078BCD9 /* MyNewsAppTests.swift */ = {isa = PBXFileReference; lastKnownFileType = sourcecode.swift; path = MyNewsAppTests.swift; sourceTree = "<group>"; };
		2E1419BA2286CF7A0078BCD9 /* Info.plist */ = {isa = PBXFileReference; lastKnownFileType = text.plist.xml; path = Info.plist; sourceTree = "<group>"; };
		2E1419BF2286CF7A0078BCD9 /* MyNewsAppUITests.xctest */ = {isa = PBXFileReference; explicitFileType = wrapper.cfbundle; includeInIndex = 0; path = MyNewsAppUITests.xctest; sourceTree = BUILT_PRODUCTS_DIR; };
		2E1419C32286CF7A0078BCD9 /* MyNewsAppUITests.swift */ = {isa = PBXFileReference; lastKnownFileType = sourcecode.swift; path = MyNewsAppUITests.swift; sourceTree = "<group>"; };
		2E1419C52286CF7A0078BCD9 /* Info.plist */ = {isa = PBXFileReference; lastKnownFileType = text.plist.xml; path = Info.plist; sourceTree = "<group>"; };
		2E1419D12286D0D80078BCD9 /* Override.swift */ = {isa = PBXFileReference; fileEncoding = 4; lastKnownFileType = sourcecode.swift; path = Override.swift; sourceTree = "<group>"; };
		2E1419D22286D0D80078BCD9 /* Category.swift */ = {isa = PBXFileReference; fileEncoding = 4; lastKnownFileType = sourcecode.swift; path = Category.swift; sourceTree = "<group>"; };
		2E1419D32286D0D80078BCD9 /* Source.swift */ = {isa = PBXFileReference; fileEncoding = 4; lastKnownFileType = sourcecode.swift; path = Source.swift; sourceTree = "<group>"; };
		2E1419D42286D0D90078BCD9 /* Author.swift */ = {isa = PBXFileReference; fileEncoding = 4; lastKnownFileType = sourcecode.swift; path = Author.swift; sourceTree = "<group>"; };
		2E1419D52286D0D90078BCD9 /* RelatedAsset.swift */ = {isa = PBXFileReference; fileEncoding = 4; lastKnownFileType = sourcecode.swift; path = RelatedAsset.swift; sourceTree = "<group>"; };
		2E1419D62286D0D90078BCD9 /* RelatedImage.swift */ = {isa = PBXFileReference; fileEncoding = 4; lastKnownFileType = sourcecode.swift; path = RelatedImage.swift; sourceTree = "<group>"; };
		2E1419D72286D0D90078BCD9 /* NewsData.swift */ = {isa = PBXFileReference; fileEncoding = 4; lastKnownFileType = sourcecode.swift; path = NewsData.swift; sourceTree = "<group>"; };
		2E1419D82286D0D90078BCD9 /* Asset.swift */ = {isa = PBXFileReference; fileEncoding = 4; lastKnownFileType = sourcecode.swift; path = Asset.swift; sourceTree = "<group>"; };
		2E1419E12286D8570078BCD9 /* Networking.swift */ = {isa = PBXFileReference; lastKnownFileType = sourcecode.swift; path = Networking.swift; sourceTree = "<group>"; };
		2E1419E92286F47C0078BCD9 /* UIElementValue.swift */ = {isa = PBXFileReference; lastKnownFileType = sourcecode.swift; path = UIElementValue.swift; sourceTree = "<group>"; };
		2E1419EB2286F55E0078BCD9 /* NewsListCell.swift */ = {isa = PBXFileReference; fileEncoding = 4; lastKnownFileType = sourcecode.swift; path = NewsListCell.swift; sourceTree = "<group>"; };
		2E1419EC2286F55E0078BCD9 /* NewsListCell.xib */ = {isa = PBXFileReference; fileEncoding = 4; lastKnownFileType = file.xib; path = NewsListCell.xib; sourceTree = "<group>"; };
		2E1419F02286F65D0078BCD9 /* Theme.swift */ = {isa = PBXFileReference; lastKnownFileType = sourcecode.swift; path = Theme.swift; sourceTree = "<group>"; };
		2E1419F22286F7B80078BCD9 /* MyNewsAppTheme.swift */ = {isa = PBXFileReference; lastKnownFileType = sourcecode.swift; path = MyNewsAppTheme.swift; sourceTree = "<group>"; };
		2E2507A12287298A00854E74 /* NewsDetailViewController.swift */ = {isa = PBXFileReference; lastKnownFileType = sourcecode.swift; path = NewsDetailViewController.swift; sourceTree = "<group>"; };
		2E2507A422879D6200854E74 /* Extensions.swift */ = {isa = PBXFileReference; lastKnownFileType = sourcecode.swift; path = Extensions.swift; sourceTree = "<group>"; };
		399AEF33228ACE1A002C88FB /* Constants.swift */ = {isa = PBXFileReference; lastKnownFileType = sourcecode.swift; path = Constants.swift; sourceTree = "<group>"; };
		399AEF37228AD363002C88FB /* Localizable.strings */ = {isa = PBXFileReference; lastKnownFileType = text.plist.strings; path = Localizable.strings; sourceTree = "<group>"; };
		399AEF39228AD383002C88FB /* Base */ = {isa = PBXFileReference; lastKnownFileType = file.storyboard; name = Base; path = Base.lproj/Main.storyboard; sourceTree = "<group>"; };
		399AEF3A228AD383002C88FB /* Base */ = {isa = PBXFileReference; lastKnownFileType = file.storyboard; name = Base; path = Base.lproj/LaunchScreen.storyboard; sourceTree = "<group>"; };
		399AEF3B228AE51B002C88FB /* NewsListViewControllerModel.swift */ = {isa = PBXFileReference; lastKnownFileType = sourcecode.swift; path = NewsListViewControllerModel.swift; sourceTree = "<group>"; };
		399AEF3E228C1DF1002C88FB /* MyNews.json */ = {isa = PBXFileReference; lastKnownFileType = text.json; path = MyNews.json; sourceTree = "<group>"; };
		399AEF44228C27EA002C88FB /* EndPoints.swift */ = {isa = PBXFileReference; fileEncoding = 4; lastKnownFileType = sourcecode.swift; path = EndPoints.swift; sourceTree = "<group>"; };
		399AEF49228D6DC5002C88FB /* NewsListCellDataSource.swift */ = {isa = PBXFileReference; fileEncoding = 4; lastKnownFileType = sourcecode.swift; path = NewsListCellDataSource.swift; sourceTree = "<group>"; };
/* End PBXFileReference section */

/* Begin PBXFrameworksBuildPhase section */
		2E14199D2286CF790078BCD9 /* Frameworks */ = {
			isa = PBXFrameworksBuildPhase;
			buildActionMask = 2147483647;
			files = (
			);
			runOnlyForDeploymentPostprocessing = 0;
		};
		2E1419B12286CF7A0078BCD9 /* Frameworks */ = {
			isa = PBXFrameworksBuildPhase;
			buildActionMask = 2147483647;
			files = (
			);
			runOnlyForDeploymentPostprocessing = 0;
		};
		2E1419BC2286CF7A0078BCD9 /* Frameworks */ = {
			isa = PBXFrameworksBuildPhase;
			buildActionMask = 2147483647;
			files = (
			);
			runOnlyForDeploymentPostprocessing = 0;
		};
/* End PBXFrameworksBuildPhase section */

/* Begin PBXGroup section */
		2E1419972286CF790078BCD9 = {
			isa = PBXGroup;
			children = (
				2E1419A22286CF790078BCD9 /* MyNewsApp */,
				2E1419B72286CF7A0078BCD9 /* MyNewsAppTests */,
				2E1419C22286CF7A0078BCD9 /* MyNewsAppUITests */,
				2E1419A12286CF790078BCD9 /* Products */,
			);
			sourceTree = "<group>";
		};
		2E1419A12286CF790078BCD9 /* Products */ = {
			isa = PBXGroup;
			children = (
				2E1419A02286CF790078BCD9 /* MyNewsApp.app */,
				2E1419B42286CF7A0078BCD9 /* MyNewsAppTests.xctest */,
				2E1419BF2286CF7A0078BCD9 /* MyNewsAppUITests.xctest */,
			);
			name = Products;
			sourceTree = "<group>";
		};
		2E1419A22286CF790078BCD9 /* MyNewsApp */ = {
			isa = PBXGroup;
			children = (
				2E2507A322879D4900854E74 /* Helper */,
				2E1419EF2286F6390078BCD9 /* Theme */,
				2E1419E52286F2CB0078BCD9 /* UIComponents */,
				2E1419E32286DDCB0078BCD9 /* Networking */,
				399AEF48228D6D00002C88FB /* View Controller */,
				2E1419F22286F7B80078BCD9 /* MyNewsAppTheme.swift */,
				2E1419A32286CF790078BCD9 /* AppDelegate.swift */,
				2E1419A72286CF790078BCD9 /* Main.storyboard */,
				2E1419AA2286CF7A0078BCD9 /* Assets.xcassets */,
				2E1419AC2286CF7A0078BCD9 /* LaunchScreen.storyboard */,
				2E1419AF2286CF7A0078BCD9 /* Info.plist */,
			);
			path = MyNewsApp;
			sourceTree = "<group>";
		};
		2E1419B72286CF7A0078BCD9 /* MyNewsAppTests */ = {
			isa = PBXGroup;
			children = (
				399AEF3D228C1DD1002C88FB /* Stubs */,
				2E1419B82286CF7A0078BCD9 /* MyNewsAppTests.swift */,
				2E1419BA2286CF7A0078BCD9 /* Info.plist */,
			);
			path = MyNewsAppTests;
			sourceTree = "<group>";
		};
		2E1419C22286CF7A0078BCD9 /* MyNewsAppUITests */ = {
			isa = PBXGroup;
			children = (
				2E1419C32286CF7A0078BCD9 /* MyNewsAppUITests.swift */,
				2E1419C52286CF7A0078BCD9 /* Info.plist */,
			);
			path = MyNewsAppUITests;
			sourceTree = "<group>";
		};
		2E1419E32286DDCB0078BCD9 /* Networking */ = {
			isa = PBXGroup;
			children = (
				2E1419E12286D8570078BCD9 /* Networking.swift */,
				399AEF44228C27EA002C88FB /* EndPoints.swift */,
				2E1419E42286DDDB0078BCD9 /* Model Data */,
			);
			path = Networking;
			sourceTree = "<group>";
		};
		2E1419E42286DDDB0078BCD9 /* Model Data */ = {
			isa = PBXGroup;
			children = (
				2E1419D72286D0D90078BCD9 /* NewsData.swift */,
				2E1419D82286D0D90078BCD9 /* Asset.swift */,
				2E1419D42286D0D90078BCD9 /* Author.swift */,
				2E1419D22286D0D80078BCD9 /* Category.swift */,
				2E1419D12286D0D80078BCD9 /* Override.swift */,
				2E1419D52286D0D90078BCD9 /* RelatedAsset.swift */,
				2E1419D62286D0D90078BCD9 /* RelatedImage.swift */,
				2E1419D32286D0D80078BCD9 /* Source.swift */,
			);
			path = "Model Data";
			sourceTree = "<group>";
		};
		2E1419E52286F2CB0078BCD9 /* UIComponents */ = {
			isa = PBXGroup;
			children = (
				2E1419EB2286F55E0078BCD9 /* NewsListCell.swift */,
				2E1419EC2286F55E0078BCD9 /* NewsListCell.xib */,
				2E1419E92286F47C0078BCD9 /* UIElementValue.swift */,
				2E101F98228819750031C1D6 /* Alert.swift */,
			);
			path = UIComponents;
			sourceTree = "<group>";
		};
		2E1419EF2286F6390078BCD9 /* Theme */ = {
			isa = PBXGroup;
			children = (
				2E1419F02286F65D0078BCD9 /* Theme.swift */,
			);
			path = Theme;
			sourceTree = "<group>";
		};
		2E2507A322879D4900854E74 /* Helper */ = {
			isa = PBXGroup;
			children = (
				399AEF37228AD363002C88FB /* Localizable.strings */,
				2E2507A422879D6200854E74 /* Extensions.swift */,
				399AEF33228ACE1A002C88FB /* Constants.swift */,
			);
			path = Helper;
			sourceTree = "<group>";
		};
		399AEF3D228C1DD1002C88FB /* Stubs */ = {
			isa = PBXGroup;
			children = (
				399AEF3E228C1DF1002C88FB /* MyNews.json */,
			);
			path = Stubs;
			sourceTree = "<group>";
		};
		399AEF47228D6CDF002C88FB /* MVVM */ = {
			isa = PBXGroup;
			children = (
				399AEF49228D6DC5002C88FB /* NewsListCellDataSource.swift */,
				399AEF3B228AE51B002C88FB /* NewsListViewControllerModel.swift */,
			);
			path = MVVM;
			sourceTree = "<group>";
		};
		399AEF48228D6D00002C88FB /* View Controller */ = {
			isa = PBXGroup;
			children = (
				399AEF47228D6CDF002C88FB /* MVVM */,
				2E1419A52286CF790078BCD9 /* NewsListViewController.swift */,
				2E2507A12287298A00854E74 /* NewsDetailViewController.swift */,
			);
			path = "View Controller";
			sourceTree = "<group>";
		};
/* End PBXGroup section */

/* Begin PBXNativeTarget section */
		2E14199F2286CF790078BCD9 /* MyNewsApp */ = {
			isa = PBXNativeTarget;
			buildConfigurationList = 2E1419C82286CF7A0078BCD9 /* Build configuration list for PBXNativeTarget "MyNewsApp" */;
			buildPhases = (
				2E14199C2286CF790078BCD9 /* Sources */,
				2E14199D2286CF790078BCD9 /* Frameworks */,
				2E14199E2286CF790078BCD9 /* Resources */,
			);
			buildRules = (
			);
			dependencies = (
			);
			name = MyNewsApp;
			productName = MyNewsApp;
			productReference = 2E1419A02286CF790078BCD9 /* MyNewsApp.app */;
			productType = "com.apple.product-type.application";
		};
		2E1419B32286CF7A0078BCD9 /* MyNewsAppTests */ = {
			isa = PBXNativeTarget;
			buildConfigurationList = 2E1419CB2286CF7A0078BCD9 /* Build configuration list for PBXNativeTarget "MyNewsAppTests" */;
			buildPhases = (
				2E1419B02286CF7A0078BCD9 /* Sources */,
				2E1419B12286CF7A0078BCD9 /* Frameworks */,
				2E1419B22286CF7A0078BCD9 /* Resources */,
			);
			buildRules = (
			);
			dependencies = (
				2E1419B62286CF7A0078BCD9 /* PBXTargetDependency */,
			);
			name = MyNewsAppTests;
			productName = MyNewsAppTests;
			productReference = 2E1419B42286CF7A0078BCD9 /* MyNewsAppTests.xctest */;
			productType = "com.apple.product-type.bundle.unit-test";
		};
		2E1419BE2286CF7A0078BCD9 /* MyNewsAppUITests */ = {
			isa = PBXNativeTarget;
			buildConfigurationList = 2E1419CE2286CF7A0078BCD9 /* Build configuration list for PBXNativeTarget "MyNewsAppUITests" */;
			buildPhases = (
				2E1419BB2286CF7A0078BCD9 /* Sources */,
				2E1419BC2286CF7A0078BCD9 /* Frameworks */,
				2E1419BD2286CF7A0078BCD9 /* Resources */,
			);
			buildRules = (
			);
			dependencies = (
				2E1419C12286CF7A0078BCD9 /* PBXTargetDependency */,
			);
			name = MyNewsAppUITests;
			productName = MyNewsAppUITests;
			productReference = 2E1419BF2286CF7A0078BCD9 /* MyNewsAppUITests.xctest */;
			productType = "com.apple.product-type.bundle.ui-testing";
		};
/* End PBXNativeTarget section */

/* Begin PBXProject section */
		2E1419982286CF790078BCD9 /* Project object */ = {
			isa = PBXProject;
			attributes = {
				LastSwiftUpdateCheck = 1010;
				LastUpgradeCheck = 1010;
				ORGANIZATIONNAME = "Ashish Tripathi";
				TargetAttributes = {
					2E14199F2286CF790078BCD9 = {
						CreatedOnToolsVersion = 10.1;
					};
					2E1419B32286CF7A0078BCD9 = {
						CreatedOnToolsVersion = 10.1;
						TestTargetID = 2E14199F2286CF790078BCD9;
					};
					2E1419BE2286CF7A0078BCD9 = {
						CreatedOnToolsVersion = 10.1;
						TestTargetID = 2E14199F2286CF790078BCD9;
					};
				};
			};
			buildConfigurationList = 2E14199B2286CF790078BCD9 /* Build configuration list for PBXProject "MyNewsApp" */;
			compatibilityVersion = "Xcode 9.3";
			developmentRegion = en;
			hasScannedForEncodings = 0;
			knownRegions = (
				en,
				Base,
			);
			mainGroup = 2E1419972286CF790078BCD9;
			productRefGroup = 2E1419A12286CF790078BCD9 /* Products */;
			projectDirPath = "";
			projectRoot = "";
			targets = (
				2E14199F2286CF790078BCD9 /* MyNewsApp */,
				2E1419B32286CF7A0078BCD9 /* MyNewsAppTests */,
				2E1419BE2286CF7A0078BCD9 /* MyNewsAppUITests */,
			);
		};
/* End PBXProject section */

/* Begin PBXResourcesBuildPhase section */
		2E14199E2286CF790078BCD9 /* Resources */ = {
			isa = PBXResourcesBuildPhase;
			buildActionMask = 2147483647;
			files = (
				399AEF38228AD363002C88FB /* Localizable.strings in Resources */,
				2E1419AE2286CF7A0078BCD9 /* LaunchScreen.storyboard in Resources */,
				2E1419AB2286CF7A0078BCD9 /* Assets.xcassets in Resources */,
				2E1419A92286CF790078BCD9 /* Main.storyboard in Resources */,
				399AEF3F228C1DF1002C88FB /* MyNews.json in Resources */,
				2E1419EE2286F55E0078BCD9 /* NewsListCell.xib in Resources */,
			);
			runOnlyForDeploymentPostprocessing = 0;
		};
		2E1419B22286CF7A0078BCD9 /* Resources */ = {
			isa = PBXResourcesBuildPhase;
			buildActionMask = 2147483647;
			files = (
				399AEF46228C2A91002C88FB /* MyNews.json in Resources */,
			);
			runOnlyForDeploymentPostprocessing = 0;
		};
		2E1419BD2286CF7A0078BCD9 /* Resources */ = {
			isa = PBXResourcesBuildPhase;
			buildActionMask = 2147483647;
			files = (
			);
			runOnlyForDeploymentPostprocessing = 0;
		};
/* End PBXResourcesBuildPhase section */

/* Begin PBXSourcesBuildPhase section */
		2E14199C2286CF790078BCD9 /* Sources */ = {
			isa = PBXSourcesBuildPhase;
			buildActionMask = 2147483647;
			files = (
				2E1419ED2286F55E0078BCD9 /* NewsListCell.swift in Sources */,
				2E2507A522879D6200854E74 /* Extensions.swift in Sources */,
				2E2507A22287298A00854E74 /* NewsDetailViewController.swift in Sources */,
				2E1419DC2286D0D90078BCD9 /* Author.swift in Sources */,
				2E1419E22286D8570078BCD9 /* Networking.swift in Sources */,
				2E101F99228819750031C1D6 /* Alert.swift in Sources */,
				2E1419DE2286D0D90078BCD9 /* RelatedImage.swift in Sources */,
				2E1419E02286D0D90078BCD9 /* Asset.swift in Sources */,
				2E1419A62286CF790078BCD9 /* NewsListViewController.swift in Sources */,
				2E1419A42286CF790078BCD9 /* AppDelegate.swift in Sources */,
				399AEF45228C27EA002C88FB /* EndPoints.swift in Sources */,
				2E1419DF2286D0D90078BCD9 /* NewsData.swift in Sources */,
				399AEF4A228D6DC5002C88FB /* NewsListCellDataSource.swift in Sources */,
				2E1419D92286D0D90078BCD9 /* Override.swift in Sources */,
				2E1419EA2286F47C0078BCD9 /* UIElementValue.swift in Sources */,
				2E1419F32286F7B80078BCD9 /* MyNewsAppTheme.swift in Sources */,
				399AEF34228ACE1A002C88FB /* Constants.swift in Sources */,
				2E1419DB2286D0D90078BCD9 /* Source.swift in Sources */,
				399AEF3C228AE51B002C88FB /* NewsListViewControllerModel.swift in Sources */,
				2E1419DD2286D0D90078BCD9 /* RelatedAsset.swift in Sources */,
				2E1419DA2286D0D90078BCD9 /* Category.swift in Sources */,
				2E1419F12286F65D0078BCD9 /* Theme.swift in Sources */,
			);
			runOnlyForDeploymentPostprocessing = 0;
		};
		2E1419B02286CF7A0078BCD9 /* Sources */ = {
			isa = PBXSourcesBuildPhase;
			buildActionMask = 2147483647;
			files = (
				2E1419B92286CF7A0078BCD9 /* MyNewsAppTests.swift in Sources */,
			);
			runOnlyForDeploymentPostprocessing = 0;
		};
		2E1419BB2286CF7A0078BCD9 /* Sources */ = {
			isa = PBXSourcesBuildPhase;
			buildActionMask = 2147483647;
			files = (
				2E1419C42286CF7A0078BCD9 /* MyNewsAppUITests.swift in Sources */,
			);
			runOnlyForDeploymentPostprocessing = 0;
		};
/* End PBXSourcesBuildPhase section */

/* Begin PBXTargetDependency section */
		2E1419B62286CF7A0078BCD9 /* PBXTargetDependency */ = {
			isa = PBXTargetDependency;
			target = 2E14199F2286CF790078BCD9 /* MyNewsApp */;
			targetProxy = 2E1419B52286CF7A0078BCD9 /* PBXContainerItemProxy */;
		};
		2E1419C12286CF7A0078BCD9 /* PBXTargetDependency */ = {
			isa = PBXTargetDependency;
			target = 2E14199F2286CF790078BCD9 /* MyNewsApp */;
			targetProxy = 2E1419C02286CF7A0078BCD9 /* PBXContainerItemProxy */;
		};
/* End PBXTargetDependency section */

/* Begin PBXVariantGroup section */
		2E1419A72286CF790078BCD9 /* Main.storyboard */ = {
			isa = PBXVariantGroup;
			children = (
				399AEF39228AD383002C88FB /* Base */,
			);
			name = Main.storyboard;
			sourceTree = "<group>";
		};
		2E1419AC2286CF7A0078BCD9 /* LaunchScreen.storyboard */ = {
			isa = PBXVariantGroup;
			children = (
				399AEF3A228AD383002C88FB /* Base */,
			);
			name = LaunchScreen.storyboard;
			sourceTree = "<group>";
		};
/* End PBXVariantGroup section */

/* Begin XCBuildConfiguration section */
		2E1419C62286CF7A0078BCD9 /* Debug */ = {
			isa = XCBuildConfiguration;
			buildSettings = {
				ALWAYS_SEARCH_USER_PATHS = NO;
				CLANG_ANALYZER_NONNULL = YES;
				CLANG_ANALYZER_NUMBER_OBJECT_CONVERSION = YES_AGGRESSIVE;
				CLANG_CXX_LANGUAGE_STANDARD = "gnu++14";
				CLANG_CXX_LIBRARY = "libc++";
				CLANG_ENABLE_MODULES = YES;
				CLANG_ENABLE_OBJC_ARC = YES;
				CLANG_ENABLE_OBJC_WEAK = YES;
				CLANG_WARN_BLOCK_CAPTURE_AUTORELEASING = YES;
				CLANG_WARN_BOOL_CONVERSION = YES;
				CLANG_WARN_COMMA = YES;
				CLANG_WARN_CONSTANT_CONVERSION = YES;
				CLANG_WARN_DEPRECATED_OBJC_IMPLEMENTATIONS = YES;
				CLANG_WARN_DIRECT_OBJC_ISA_USAGE = YES_ERROR;
				CLANG_WARN_DOCUMENTATION_COMMENTS = YES;
				CLANG_WARN_EMPTY_BODY = YES;
				CLANG_WARN_ENUM_CONVERSION = YES;
				CLANG_WARN_INFINITE_RECURSION = YES;
				CLANG_WARN_INT_CONVERSION = YES;
				CLANG_WARN_NON_LITERAL_NULL_CONVERSION = YES;
				CLANG_WARN_OBJC_IMPLICIT_RETAIN_SELF = YES;
				CLANG_WARN_OBJC_LITERAL_CONVERSION = YES;
				CLANG_WARN_OBJC_ROOT_CLASS = YES_ERROR;
				CLANG_WARN_RANGE_LOOP_ANALYSIS = YES;
				CLANG_WARN_STRICT_PROTOTYPES = YES;
				CLANG_WARN_SUSPICIOUS_MOVE = YES;
				CLANG_WARN_UNGUARDED_AVAILABILITY = YES_AGGRESSIVE;
				CLANG_WARN_UNREACHABLE_CODE = YES;
				CLANG_WARN__DUPLICATE_METHOD_MATCH = YES;
				CODE_SIGN_IDENTITY = "iPhone Developer";
				COPY_PHASE_STRIP = NO;
				DEBUG_INFORMATION_FORMAT = dwarf;
				ENABLE_STRICT_OBJC_MSGSEND = YES;
				ENABLE_TESTABILITY = YES;
				GCC_C_LANGUAGE_STANDARD = gnu11;
				GCC_DYNAMIC_NO_PIC = NO;
				GCC_NO_COMMON_BLOCKS = YES;
				GCC_OPTIMIZATION_LEVEL = 0;
				GCC_PREPROCESSOR_DEFINITIONS = (
					"DEBUG=1",
					"$(inherited)",
				);
				GCC_WARN_64_TO_32_BIT_CONVERSION = YES;
				GCC_WARN_ABOUT_RETURN_TYPE = YES_ERROR;
				GCC_WARN_UNDECLARED_SELECTOR = YES;
				GCC_WARN_UNINITIALIZED_AUTOS = YES_AGGRESSIVE;
				GCC_WARN_UNUSED_FUNCTION = YES;
				GCC_WARN_UNUSED_VARIABLE = YES;
				IPHONEOS_DEPLOYMENT_TARGET = 12.1;
				MTL_ENABLE_DEBUG_INFO = INCLUDE_SOURCE;
				MTL_FAST_MATH = YES;
				ONLY_ACTIVE_ARCH = YES;
				SDKROOT = iphoneos;
				SWIFT_ACTIVE_COMPILATION_CONDITIONS = DEBUG;
				SWIFT_OPTIMIZATION_LEVEL = "-Onone";
			};
			name = Debug;
		};
		2E1419C72286CF7A0078BCD9 /* Release */ = {
			isa = XCBuildConfiguration;
			buildSettings = {
				ALWAYS_SEARCH_USER_PATHS = NO;
				CLANG_ANALYZER_NONNULL = YES;
				CLANG_ANALYZER_NUMBER_OBJECT_CONVERSION = YES_AGGRESSIVE;
				CLANG_CXX_LANGUAGE_STANDARD = "gnu++14";
				CLANG_CXX_LIBRARY = "libc++";
				CLANG_ENABLE_MODULES = YES;
				CLANG_ENABLE_OBJC_ARC = YES;
				CLANG_ENABLE_OBJC_WEAK = YES;
				CLANG_WARN_BLOCK_CAPTURE_AUTORELEASING = YES;
				CLANG_WARN_BOOL_CONVERSION = YES;
				CLANG_WARN_COMMA = YES;
				CLANG_WARN_CONSTANT_CONVERSION = YES;
				CLANG_WARN_DEPRECATED_OBJC_IMPLEMENTATIONS = YES;
				CLANG_WARN_DIRECT_OBJC_ISA_USAGE = YES_ERROR;
				CLANG_WARN_DOCUMENTATION_COMMENTS = YES;
				CLANG_WARN_EMPTY_BODY = YES;
				CLANG_WARN_ENUM_CONVERSION = YES;
				CLANG_WARN_INFINITE_RECURSION = YES;
				CLANG_WARN_INT_CONVERSION = YES;
				CLANG_WARN_NON_LITERAL_NULL_CONVERSION = YES;
				CLANG_WARN_OBJC_IMPLICIT_RETAIN_SELF = YES;
				CLANG_WARN_OBJC_LITERAL_CONVERSION = YES;
				CLANG_WARN_OBJC_ROOT_CLASS = YES_ERROR;
				CLANG_WARN_RANGE_LOOP_ANALYSIS = YES;
				CLANG_WARN_STRICT_PROTOTYPES = YES;
				CLANG_WARN_SUSPICIOUS_MOVE = YES;
				CLANG_WARN_UNGUARDED_AVAILABILITY = YES_AGGRESSIVE;
				CLANG_WARN_UNREACHABLE_CODE = YES;
				CLANG_WARN__DUPLICATE_METHOD_MATCH = YES;
				CODE_SIGN_IDENTITY = "iPhone Developer";
				COPY_PHASE_STRIP = NO;
				DEBUG_INFORMATION_FORMAT = "dwarf-with-dsym";
				ENABLE_NS_ASSERTIONS = NO;
				ENABLE_STRICT_OBJC_MSGSEND = YES;
				GCC_C_LANGUAGE_STANDARD = gnu11;
				GCC_NO_COMMON_BLOCKS = YES;
				GCC_WARN_64_TO_32_BIT_CONVERSION = YES;
				GCC_WARN_ABOUT_RETURN_TYPE = YES_ERROR;
				GCC_WARN_UNDECLARED_SELECTOR = YES;
				GCC_WARN_UNINITIALIZED_AUTOS = YES_AGGRESSIVE;
				GCC_WARN_UNUSED_FUNCTION = YES;
				GCC_WARN_UNUSED_VARIABLE = YES;
				IPHONEOS_DEPLOYMENT_TARGET = 12.1;
				MTL_ENABLE_DEBUG_INFO = NO;
				MTL_FAST_MATH = YES;
				SDKROOT = iphoneos;
				SWIFT_COMPILATION_MODE = wholemodule;
				SWIFT_OPTIMIZATION_LEVEL = "-O";
				VALIDATE_PRODUCT = YES;
			};
			name = Release;
		};
		2E1419C92286CF7A0078BCD9 /* Debug */ = {
			isa = XCBuildConfiguration;
			buildSettings = {
				ASSETCATALOG_COMPILER_APPICON_NAME = AppIcon;
				CODE_SIGN_STYLE = Automatic;
				DEVELOPMENT_TEAM = YH8P2UYFR5;
				INFOPLIST_FILE = MyNewsApp/Info.plist;
				IPHONEOS_DEPLOYMENT_TARGET = 11.0;
				LD_RUNPATH_SEARCH_PATHS = (
					"$(inherited)",
					"@executable_path/Frameworks",
				);
				PRODUCT_BUNDLE_IDENTIFIER = com.ashish.MyNewsApp;
				PRODUCT_NAME = "$(TARGET_NAME)";
				SWIFT_VERSION = 4.2;
				TARGETED_DEVICE_FAMILY = "1,2";
			};
			name = Debug;
		};
		2E1419CA2286CF7A0078BCD9 /* Release */ = {
			isa = XCBuildConfiguration;
			buildSettings = {
				ASSETCATALOG_COMPILER_APPICON_NAME = AppIcon;
				CODE_SIGN_STYLE = Automatic;
				DEVELOPMENT_TEAM = YH8P2UYFR5;
				INFOPLIST_FILE = MyNewsApp/Info.plist;
				IPHONEOS_DEPLOYMENT_TARGET = 11.0;
				LD_RUNPATH_SEARCH_PATHS = (
					"$(inherited)",
					"@executable_path/Frameworks",
				);
				PRODUCT_BUNDLE_IDENTIFIER = com.ashish.MyNewsApp;
				PRODUCT_NAME = "$(TARGET_NAME)";
				SWIFT_VERSION = 4.2;
				TARGETED_DEVICE_FAMILY = "1,2";
			};
			name = Release;
		};
		2E1419CC2286CF7A0078BCD9 /* Debug */ = {
			isa = XCBuildConfiguration;
			buildSettings = {
				ALWAYS_EMBED_SWIFT_STANDARD_LIBRARIES = YES;
				BUNDLE_LOADER = "$(TEST_HOST)";
				CODE_SIGN_STYLE = Automatic;
				INFOPLIST_FILE = MyNewsAppTests/Info.plist;
				LD_RUNPATH_SEARCH_PATHS = (
					"$(inherited)",
					"@executable_path/Frameworks",
					"@loader_path/Frameworks",
				);
				PRODUCT_BUNDLE_IDENTIFIER = com.ashish.MyNewsAppTests;
				PRODUCT_NAME = "$(TARGET_NAME)";
				SWIFT_VERSION = 4.2;
				TARGETED_DEVICE_FAMILY = "1,2";
				TEST_HOST = "$(BUILT_PRODUCTS_DIR)/MyNewsApp.app/MyNewsApp";
			};
			name = Debug;
		};
		2E1419CD2286CF7A0078BCD9 /* Release */ = {
			isa = XCBuildConfiguration;
			buildSettings = {
				ALWAYS_EMBED_SWIFT_STANDARD_LIBRARIES = YES;
				BUNDLE_LOADER = "$(TEST_HOST)";
				CODE_SIGN_STYLE = Automatic;
				INFOPLIST_FILE = MyNewsAppTests/Info.plist;
				LD_RUNPATH_SEARCH_PATHS = (
					"$(inherited)",
					"@executable_path/Frameworks",
					"@loader_path/Frameworks",
				);
				PRODUCT_BUNDLE_IDENTIFIER = com.ashish.MyNewsAppTests;
				PRODUCT_NAME = "$(TARGET_NAME)";
				SWIFT_VERSION = 4.2;
				TARGETED_DEVICE_FAMILY = "1,2";
				TEST_HOST = "$(BUILT_PRODUCTS_DIR)/MyNewsApp.app/MyNewsApp";
			};
			name = Release;
		};
		2E1419CF2286CF7A0078BCD9 /* Debug */ = {
			isa = XCBuildConfiguration;
			buildSettings = {
				ALWAYS_EMBED_SWIFT_STANDARD_LIBRARIES = YES;
				CODE_SIGN_STYLE = Automatic;
				INFOPLIST_FILE = MyNewsAppUITests/Info.plist;
				LD_RUNPATH_SEARCH_PATHS = (
					"$(inherited)",
					"@executable_path/Frameworks",
					"@loader_path/Frameworks",
				);
				PRODUCT_BUNDLE_IDENTIFIER = com.ashish.MyNewsAppUITests;
				PRODUCT_NAME = "$(TARGET_NAME)";
				SWIFT_VERSION = 4.2;
				TARGETED_DEVICE_FAMILY = "1,2";
				TEST_TARGET_NAME = MyNewsApp;
			};
			name = Debug;
		};
		2E1419D02286CF7A0078BCD9 /* Release */ = {
			isa = XCBuildConfiguration;
			buildSettings = {
				ALWAYS_EMBED_SWIFT_STANDARD_LIBRARIES = YES;
				CODE_SIGN_STYLE = Automatic;
				INFOPLIST_FILE = MyNewsAppUITests/Info.plist;
				LD_RUNPATH_SEARCH_PATHS = (
					"$(inherited)",
					"@executable_path/Frameworks",
					"@loader_path/Frameworks",
				);
				PRODUCT_BUNDLE_IDENTIFIER = com.ashish.MyNewsAppUITests;
				PRODUCT_NAME = "$(TARGET_NAME)";
				SWIFT_VERSION = 4.2;
				TARGETED_DEVICE_FAMILY = "1,2";
				TEST_TARGET_NAME = MyNewsApp;
			};
			name = Release;
		};
/* End XCBuildConfiguration section */

/* Begin XCConfigurationList section */
		2E14199B2286CF790078BCD9 /* Build configuration list for PBXProject "MyNewsApp" */ = {
			isa = XCConfigurationList;
			buildConfigurations = (
				2E1419C62286CF7A0078BCD9 /* Debug */,
				2E1419C72286CF7A0078BCD9 /* Release */,
			);
			defaultConfigurationIsVisible = 0;
			defaultConfigurationName = Release;
		};
		2E1419C82286CF7A0078BCD9 /* Build configuration list for PBXNativeTarget "MyNewsApp" */ = {
			isa = XCConfigurationList;
			buildConfigurations = (
				2E1419C92286CF7A0078BCD9 /* Debug */,
				2E1419CA2286CF7A0078BCD9 /* Release */,
			);
			defaultConfigurationIsVisible = 0;
			defaultConfigurationName = Release;
		};
		2E1419CB2286CF7A0078BCD9 /* Build configuration list for PBXNativeTarget "MyNewsAppTests" */ = {
			isa = XCConfigurationList;
			buildConfigurations = (
				2E1419CC2286CF7A0078BCD9 /* Debug */,
				2E1419CD2286CF7A0078BCD9 /* Release */,
			);
			defaultConfigurationIsVisible = 0;
			defaultConfigurationName = Release;
		};
		2E1419CE2286CF7A0078BCD9 /* Build configuration list for PBXNativeTarget "MyNewsAppUITests" */ = {
			isa = XCConfigurationList;
			buildConfigurations = (
				2E1419CF2286CF7A0078BCD9 /* Debug */,
				2E1419D02286CF7A0078BCD9 /* Release */,
			);
			defaultConfigurationIsVisible = 0;
			defaultConfigurationName = Release;
		};
/* End XCConfigurationList section */
	};
	rootObject = 2E1419982286CF790078BCD9 /* Project object */;
}
